
Microsoft Visual Studio Solution File, Format Version 12.00
# Visual Studio Version 17
VisualStudioVersion = 17.3.32804.467
MinimumVisualStudioVersion = 10.0.40219.1
Project("{FAE04EC0-301F-11D3-BF4B-00C04F79EFBC}") = "AntiSQLInjection", "AntiSQLInjection.csproj", "{E3F6A6E2-92AB-46EF-A821-2B48DAB97C8C}"
EndProject
Global
	GlobalSection(SolutionConfigurationPlatforms) = preSolution
		Debug|Any CPU = Debug|Any CPU
		Debug|x86 = Debug|x86
		Release|Any CPU = Release|Any CPU
		Release|x86 = Release|x86
	EndGlobalSection
	GlobalSection(ProjectConfigurationPlatforms) = postSolution
		{E3F6A6E2-92AB-46EF-A821-2B48DAB97C8C}.Debug|Any CPU.ActiveCfg = Debug|Any CPU
		{E3F6A6E2-92AB-46EF-A821-2B48DAB97C8C}.Debug|Any CPU.Build.0 = Debug|Any CPU
		{E3F6A6E2-92AB-46EF-A821-2B48DAB97C8C}.Debug|x86.ActiveCfg = Debug|x86
		{E3F6A6E2-92AB-46EF-A821-2B48DAB97C8C}.Debug|x86.Build.0 = Debug|x86
		{E3F6A6E2-92AB-46EF-A821-2B48DAB97C8C}.Release|Any CPU.ActiveCfg = Release|Any CPU
		{E3F6A6E2-92AB-46EF-A821-2B48DAB97C8C}.Release|Any CPU.Build.0 = Release|Any CPU
		{E3F6A6E2-92AB-46EF-A821-2B48DAB97C8C}.Release|x86.ActiveCfg = Release|x86
		{E3F6A6E2-92AB-46EF-A821-2B48DAB97C8C}.Release|x86.Build.0 = Release|x86
	EndGlobalSection
	GlobalSection(SolutionProperties) = preSolution
		HideSolutionNode = FALSE
	EndGlobalSection
	GlobalSection(ExtensibilityGlobals) = postSolution
		SolutionGuid = {E0BE384D-4E46-46E0-B2B8-E1EAF67290C3}
	EndGlobalSection
EndGlobal
